
Microsoft Visual Studio Solution File, Format Version 12.00
# Visual Studio Version 17
VisualStudioVersion = 17.1.32328.378
MinimumVisualStudioVersion = 10.0.40219.1
Project("{FAE04EC0-301F-11D3-BF4B-00C04F79EFBC}") = "AuthenticationWithReactAndDotnetwebapiWebAPI", "AuthenticationWithReactAndDotnetwebapiWebAPI\AuthenticationWithReactAndDotnetwebapiWebAPI.csproj", "{46DEF91F-E6E3-48ED-A1CA-7AF52A53E565}"
EndProject
Global
	GlobalSection(SolutionConfigurationPlatforms) = preSolution
		Debug|Any CPU = Debug|Any CPU
		Release|Any CPU = Release|Any CPU
	EndGlobalSection
	GlobalSection(ProjectConfigurationPlatforms) = postSolution
		{46DEF91F-E6E3-48ED-A1CA-7AF52A53E565}.Debug|Any CPU.ActiveCfg = Debug|Any CPU
		{46DEF91F-E6E3-48ED-A1CA-7AF52A53E565}.Debug|Any CPU.Build.0 = Debug|Any CPU
		{46DEF91F-E6E3-48ED-A1CA-7AF52A53E565}.Release|Any CPU.ActiveCfg = Release|Any CPU
		{46DEF91F-E6E3-48ED-A1CA-7AF52A53E565}.Release|Any CPU.Build.0 = Release|Any CPU
	EndGlobalSection
	GlobalSection(SolutionProperties) = preSolution
		HideSolutionNode = FALSE
	EndGlobalSection
	GlobalSection(ExtensibilityGlobals) = postSolution
		SolutionGuid = {42ED64C4-8F9E-4F97-9F1E-B0584230EAAA}
	EndGlobalSection
EndGlobal
